// !$*UTF8*$!
{
	archiveVersion = 1;
	classes = {
	};
	objectVersion = 56;
	objects = {

/* Begin PBXBuildFile section */
		F317132F2B6936B700A7DBD9 /* AppDelegate.swift in Sources */ = {isa = PBXBuildFile; fileRef = F317132E2B6936B700A7DBD9 /* AppDelegate.swift */; };
		F31713312B6936B700A7DBD9 /* SceneDelegate.swift in Sources */ = {isa = PBXBuildFile; fileRef = F31713302B6936B700A7DBD9 /* SceneDelegate.swift */; };
		F31713332B6936B700A7DBD9 /* Anasayfa.swift in Sources */ = {isa = PBXBuildFile; fileRef = F31713322B6936B700A7DBD9 /* Anasayfa.swift */; };
		F31713362B6936B700A7DBD9 /* Main.storyboard in Resources */ = {isa = PBXBuildFile; fileRef = F31713342B6936B700A7DBD9 /* Main.storyboard */; };
		F31713382B6936B900A7DBD9 /* Assets.xcassets in Resources */ = {isa = PBXBuildFile; fileRef = F31713372B6936B900A7DBD9 /* Assets.xcassets */; };
		F317133B2B6936B900A7DBD9 /* LaunchScreen.storyboard in Resources */ = {isa = PBXBuildFile; fileRef = F31713392B6936B900A7DBD9 /* LaunchScreen.storyboard */; };
		F31713472B69373700A7DBD9 /* KisiKayit.swift in Sources */ = {isa = PBXBuildFile; fileRef = F31713462B69373700A7DBD9 /* KisiKayit.swift */; };
		F31713492B69374600A7DBD9 /* KisiDetay.swift in Sources */ = {isa = PBXBuildFile; fileRef = F31713482B69374600A7DBD9 /* KisiDetay.swift */; };
		F317134B2B6937F500A7DBD9 /* Kisiler.swift in Sources */ = {isa = PBXBuildFile; fileRef = F317134A2B6937F500A7DBD9 /* Kisiler.swift */; };
		F36323722B6BD56F00E14E60 /* RxSwift in Frameworks */ = {isa = PBXBuildFile; productRef = F36323712B6BD56F00E14E60 /* RxSwift */; };
		F363237B2B6BE0AE00E14E60 /* KisilerDaoRepo.swift in Sources */ = {isa = PBXBuildFile; fileRef = F363237A2B6BE0AE00E14E60 /* KisilerDaoRepo.swift */; };
		F363237E2B6BE0EA00E14E60 /* AnasayfaVM.swift in Sources */ = {isa = PBXBuildFile; fileRef = F363237D2B6BE0EA00E14E60 /* AnasayfaVM.swift */; };
		F36323802B6BE10000E14E60 /* KisiKayitVM.swift in Sources */ = {isa = PBXBuildFile; fileRef = F363237F2B6BE10000E14E60 /* KisiKayitVM.swift */; };
		F36323822B6BE11500E14E60 /* KisiDetayVM.swift in Sources */ = {isa = PBXBuildFile; fileRef = F36323812B6BE11500E14E60 /* KisiDetayVM.swift */; };
		F39571DE2B6D2DC4007ED522 /* FMDatabasePool.m in Sources */ = {isa = PBXBuildFile; fileRef = F39571D32B6D2DC3007ED522 /* FMDatabasePool.m */; };
		F39571DF2B6D2DC4007ED522 /* FMDatabase.m in Sources */ = {isa = PBXBuildFile; fileRef = F39571D52B6D2DC3007ED522 /* FMDatabase.m */; };
		F39571E02B6D2DC4007ED522 /* FMDatabaseQueue.m in Sources */ = {isa = PBXBuildFile; fileRef = F39571D92B6D2DC3007ED522 /* FMDatabaseQueue.m */; };
		F39571E12B6D2DC4007ED522 /* FMDatabaseAdditions.m in Sources */ = {isa = PBXBuildFile; fileRef = F39571DA2B6D2DC3007ED522 /* FMDatabaseAdditions.m */; };
		F39571E22B6D2DC4007ED522 /* FMResultSet.m in Sources */ = {isa = PBXBuildFile; fileRef = F39571DB2B6D2DC3007ED522 /* FMResultSet.m */; };
		F39571E42B6D2DF2007ED522 /* rehber.sqlite in Resources */ = {isa = PBXBuildFile; fileRef = F39571E32B6D2DF2007ED522 /* rehber.sqlite */; };
		F3C71B672B6A1927001CFC18 /* KisilerHucre.swift in Sources */ = {isa = PBXBuildFile; fileRef = F3C71B662B6A1927001CFC18 /* KisilerHucre.swift */; };
/* End PBXBuildFile section */

/* Begin PBXFileReference section */
		F317132B2B6936B700A7DBD9 /* KisilerUygulaması.app */ = {isa = PBXFileReference; explicitFileType = wrapper.application; includeInIndex = 0; path = "KisilerUygulaması.app"; sourceTree = BUILT_PRODUCTS_DIR; };
		F317132E2B6936B700A7DBD9 /* AppDelegate.swift */ = {isa = PBXFileReference; lastKnownFileType = sourcecode.swift; path = AppDelegate.swift; sourceTree = "<group>"; };
		F31713302B6936B700A7DBD9 /* SceneDelegate.swift */ = {isa = PBXFileReference; lastKnownFileType = sourcecode.swift; path = SceneDelegate.swift; sourceTree = "<group>"; };
		F31713322B6936B700A7DBD9 /* Anasayfa.swift */ = {isa = PBXFileReference; lastKnownFileType = sourcecode.swift; path = Anasayfa.swift; sourceTree = "<group>"; };
		F31713352B6936B700A7DBD9 /* Base */ = {isa = PBXFileReference; lastKnownFileType = file.storyboard; name = Base; path = Base.lproj/Main.storyboard; sourceTree = "<group>"; };
		F31713372B6936B900A7DBD9 /* Assets.xcassets */ = {isa = PBXFileReference; lastKnownFileType = folder.assetcatalog; path = Assets.xcassets; sourceTree = "<group>"; };
		F317133A2B6936B900A7DBD9 /* Base */ = {isa = PBXFileReference; lastKnownFileType = file.storyboard; name = Base; path = Base.lproj/LaunchScreen.storyboard; sourceTree = "<group>"; };
		F317133C2B6936B900A7DBD9 /* Info.plist */ = {isa = PBXFileReference; lastKnownFileType = text.plist.xml; path = Info.plist; sourceTree = "<group>"; };
		F31713462B69373700A7DBD9 /* KisiKayit.swift */ = {isa = PBXFileReference; lastKnownFileType = sourcecode.swift; path = KisiKayit.swift; sourceTree = "<group>"; };
		F31713482B69374600A7DBD9 /* KisiDetay.swift */ = {isa = PBXFileReference; lastKnownFileType = sourcecode.swift; path = KisiDetay.swift; sourceTree = "<group>"; };
		F317134A2B6937F500A7DBD9 /* Kisiler.swift */ = {isa = PBXFileReference; lastKnownFileType = sourcecode.swift; path = Kisiler.swift; sourceTree = "<group>"; };
		F363237A2B6BE0AE00E14E60 /* KisilerDaoRepo.swift */ = {isa = PBXFileReference; lastKnownFileType = sourcecode.swift; path = KisilerDaoRepo.swift; sourceTree = "<group>"; };
		F363237D2B6BE0EA00E14E60 /* AnasayfaVM.swift */ = {isa = PBXFileReference; lastKnownFileType = sourcecode.swift; path = AnasayfaVM.swift; sourceTree = "<group>"; };
		F363237F2B6BE10000E14E60 /* KisiKayitVM.swift */ = {isa = PBXFileReference; lastKnownFileType = sourcecode.swift; path = KisiKayitVM.swift; sourceTree = "<group>"; };
		F36323812B6BE11500E14E60 /* KisiDetayVM.swift */ = {isa = PBXFileReference; lastKnownFileType = sourcecode.swift; path = KisiDetayVM.swift; sourceTree = "<group>"; };
		F39571D12B6D2C57007ED522 /* libsqlite3.tbd */ = {isa = PBXFileReference; lastKnownFileType = "sourcecode.text-based-dylib-definition"; name = libsqlite3.tbd; path = usr/lib/libsqlite3.tbd; sourceTree = SDKROOT; };
		F39571D22B6D2DC2007ED522 /* KisilerUygulaması-Bridging-Header.h */ = {isa = PBXFileReference; lastKnownFileType = sourcecode.c.h; path = "KisilerUygulaması-Bridging-Header.h"; sourceTree = "<group>"; };
		F39571D32B6D2DC3007ED522 /* FMDatabasePool.m */ = {isa = PBXFileReference; fileEncoding = 4; lastKnownFileType = sourcecode.c.objc; path = FMDatabasePool.m; sourceTree = "<group>"; };
		F39571D42B6D2DC3007ED522 /* FMDatabase.h */ = {isa = PBXFileReference; fileEncoding = 4; lastKnownFileType = sourcecode.c.h; path = FMDatabase.h; sourceTree = "<group>"; };
		F39571D52B6D2DC3007ED522 /* FMDatabase.m */ = {isa = PBXFileReference; fileEncoding = 4; lastKnownFileType = sourcecode.c.objc; path = FMDatabase.m; sourceTree = "<group>"; };
		F39571D62B6D2DC3007ED522 /* FMResultSet.h */ = {isa = PBXFileReference; fileEncoding = 4; lastKnownFileType = sourcecode.c.h; path = FMResultSet.h; sourceTree = "<group>"; };
		F39571D72B6D2DC3007ED522 /* FMDB.h */ = {isa = PBXFileReference; fileEncoding = 4; lastKnownFileType = sourcecode.c.h; path = FMDB.h; sourceTree = "<group>"; };
		F39571D82B6D2DC3007ED522 /* FMDatabaseQueue.h */ = {isa = PBXFileReference; fileEncoding = 4; lastKnownFileType = sourcecode.c.h; path = FMDatabaseQueue.h; sourceTree = "<group>"; };
		F39571D92B6D2DC3007ED522 /* FMDatabaseQueue.m */ = {isa = PBXFileReference; fileEncoding = 4; lastKnownFileType = sourcecode.c.objc; path = FMDatabaseQueue.m; sourceTree = "<group>"; };
		F39571DA2B6D2DC3007ED522 /* FMDatabaseAdditions.m */ = {isa = PBXFileReference; fileEncoding = 4; lastKnownFileType = sourcecode.c.objc; path = FMDatabaseAdditions.m; sourceTree = "<group>"; };
		F39571DB2B6D2DC3007ED522 /* FMResultSet.m */ = {isa = PBXFileReference; fileEncoding = 4; lastKnownFileType = sourcecode.c.objc; path = FMResultSet.m; sourceTree = "<group>"; };
		F39571DC2B6D2DC3007ED522 /* FMDatabaseAdditions.h */ = {isa = PBXFileReference; fileEncoding = 4; lastKnownFileType = sourcecode.c.h; path = FMDatabaseAdditions.h; sourceTree = "<group>"; };
		F39571DD2B6D2DC3007ED522 /* FMDatabasePool.h */ = {isa = PBXFileReference; fileEncoding = 4; lastKnownFileType = sourcecode.c.h; path = FMDatabasePool.h; sourceTree = "<group>"; };
		F39571E32B6D2DF2007ED522 /* rehber.sqlite */ = {isa = PBXFileReference; lastKnownFileType = file; path = rehber.sqlite; sourceTree = "<group>"; };
		F3C71B662B6A1927001CFC18 /* KisilerHucre.swift */ = {isa = PBXFileReference; lastKnownFileType = sourcecode.swift; path = KisilerHucre.swift; sourceTree = "<group>"; };
/* End PBXFileReference section */

/* Begin PBXFrameworksBuildPhase section */
		F31713282B6936B700A7DBD9 /* Frameworks */ = {
			isa = PBXFrameworksBuildPhase;
			buildActionMask = 2147483647;
			files = (
				F36323722B6BD56F00E14E60 /* RxSwift in Frameworks */,
			);
			runOnlyForDeploymentPostprocessing = 0;
		};
/* End PBXFrameworksBuildPhase section */

/* Begin PBXGroup section */
		F31713222B6936B700A7DBD9 = {
			isa = PBXGroup;
			children = (
				F317132D2B6936B700A7DBD9 /* KisilerUygulaması */,
				F317132C2B6936B700A7DBD9 /* Products */,
				F39571D02B6D2C57007ED522 /* Frameworks */,
			);
			sourceTree = "<group>";
		};
		F317132C2B6936B700A7DBD9 /* Products */ = {
			isa = PBXGroup;
			children = (
				F317132B2B6936B700A7DBD9 /* KisilerUygulaması.app */,
			);
			name = Products;
			sourceTree = "<group>";
		};
		F317132D2B6936B700A7DBD9 /* KisilerUygulaması */ = {
			isa = PBXGroup;
			children = (
				F317132E2B6936B700A7DBD9 /* AppDelegate.swift */,
				F31713302B6936B700A7DBD9 /* SceneDelegate.swift */,
				F31713432B6936E500A7DBD9 /* UI */,
				F31713422B6936D500A7DBD9 /* data */,
				F31713342B6936B700A7DBD9 /* Main.storyboard */,
				F31713372B6936B900A7DBD9 /* Assets.xcassets */,
				F31713392B6936B900A7DBD9 /* LaunchScreen.storyboard */,
				F317133C2B6936B900A7DBD9 /* Info.plist */,
				F39571D42B6D2DC3007ED522 /* FMDatabase.h */,
				F39571D52B6D2DC3007ED522 /* FMDatabase.m */,
				F39571DC2B6D2DC3007ED522 /* FMDatabaseAdditions.h */,
				F39571DA2B6D2DC3007ED522 /* FMDatabaseAdditions.m */,
				F39571DD2B6D2DC3007ED522 /* FMDatabasePool.h */,
				F39571D32B6D2DC3007ED522 /* FMDatabasePool.m */,
				F39571D82B6D2DC3007ED522 /* FMDatabaseQueue.h */,
				F39571D92B6D2DC3007ED522 /* FMDatabaseQueue.m */,
				F39571D72B6D2DC3007ED522 /* FMDB.h */,
				F39571D62B6D2DC3007ED522 /* FMResultSet.h */,
				F39571DB2B6D2DC3007ED522 /* FMResultSet.m */,
				F39571D22B6D2DC2007ED522 /* KisilerUygulaması-Bridging-Header.h */,
				F39571E32B6D2DF2007ED522 /* rehber.sqlite */,
			);
			path = "KisilerUygulaması";
			sourceTree = "<group>";
		};
		F31713422B6936D500A7DBD9 /* data */ = {
			isa = PBXGroup;
			children = (
				F36323792B6BE09300E14E60 /* Repo */,
				F31713442B69370200A7DBD9 /* entity */,
			);
			path = data;
			sourceTree = "<group>";
		};
		F31713432B6936E500A7DBD9 /* UI */ = {
			isa = PBXGroup;
			children = (
				F363237C2B6BE0D500E14E60 /* ViewModel */,
				F3C71B652B6A18F5001CFC18 /* tableview */,
				F31713452B69370B00A7DBD9 /* views */,
			);
			path = UI;
			sourceTree = "<group>";
		};
		F31713442B69370200A7DBD9 /* entity */ = {
			isa = PBXGroup;
			children = (
				F317134A2B6937F500A7DBD9 /* Kisiler.swift */,
			);
			path = entity;
			sourceTree = "<group>";
		};
		F31713452B69370B00A7DBD9 /* views */ = {
			isa = PBXGroup;
			children = (
				F31713322B6936B700A7DBD9 /* Anasayfa.swift */,
				F31713462B69373700A7DBD9 /* KisiKayit.swift */,
				F31713482B69374600A7DBD9 /* KisiDetay.swift */,
			);
			path = views;
			sourceTree = "<group>";
		};
		F36323792B6BE09300E14E60 /* Repo */ = {
			isa = PBXGroup;
			children = (
				F363237A2B6BE0AE00E14E60 /* KisilerDaoRepo.swift */,
			);
			path = Repo;
			sourceTree = "<group>";
		};
		F363237C2B6BE0D500E14E60 /* ViewModel */ = {
			isa = PBXGroup;
			children = (
				F363237D2B6BE0EA00E14E60 /* AnasayfaVM.swift */,
				F363237F2B6BE10000E14E60 /* KisiKayitVM.swift */,
				F36323812B6BE11500E14E60 /* KisiDetayVM.swift */,
			);
			path = ViewModel;
			sourceTree = "<group>";
		};
		F39571D02B6D2C57007ED522 /* Frameworks */ = {
			isa = PBXGroup;
			children = (
				F39571D12B6D2C57007ED522 /* libsqlite3.tbd */,
			);
			name = Frameworks;
			sourceTree = "<group>";
		};
		F3C71B652B6A18F5001CFC18 /* tableview */ = {
			isa = PBXGroup;
			children = (
				F3C71B662B6A1927001CFC18 /* KisilerHucre.swift */,
			);
			path = tableview;
			sourceTree = "<group>";
		};
/* End PBXGroup section */

/* Begin PBXNativeTarget section */
		F317132A2B6936B700A7DBD9 /* KisilerUygulaması */ = {
			isa = PBXNativeTarget;
			buildConfigurationList = F317133F2B6936B900A7DBD9 /* Build configuration list for PBXNativeTarget "KisilerUygulaması" */;
			buildPhases = (
				F31713272B6936B700A7DBD9 /* Sources */,
				F31713282B6936B700A7DBD9 /* Frameworks */,
				F31713292B6936B700A7DBD9 /* Resources */,
			);
			buildRules = (
			);
			dependencies = (
			);
			name = "KisilerUygulaması";
			packageProductDependencies = (
				F36323712B6BD56F00E14E60 /* RxSwift */,
			);
			productName = "KisilerUygulaması";
			productReference = F317132B2B6936B700A7DBD9 /* KisilerUygulaması.app */;
			productType = "com.apple.product-type.application";
		};
/* End PBXNativeTarget section */

/* Begin PBXProject section */
		F31713232B6936B700A7DBD9 /* Project object */ = {
			isa = PBXProject;
			attributes = {
				BuildIndependentTargetsInParallel = 1;
				LastSwiftUpdateCheck = 1520;
				LastUpgradeCheck = 1520;
				TargetAttributes = {
					F317132A2B6936B700A7DBD9 = {
						CreatedOnToolsVersion = 15.2;
						LastSwiftMigration = 1520;
					};
				};
			};
			buildConfigurationList = F31713262B6936B700A7DBD9 /* Build configuration list for PBXProject "KisilerUygulaması" */;
			compatibilityVersion = "Xcode 14.0";
			developmentRegion = en;
			hasScannedForEncodings = 0;
			knownRegions = (
				en,
				Base,
			);
			mainGroup = F31713222B6936B700A7DBD9;
			packageReferences = (
				F36323662B6BD56F00E14E60 /* XCRemoteSwiftPackageReference "RxSwift" */,
			);
			productRefGroup = F317132C2B6936B700A7DBD9 /* Products */;
			projectDirPath = "";
			projectRoot = "";
			targets = (
				F317132A2B6936B700A7DBD9 /* KisilerUygulaması */,
			);
		};
/* End PBXProject section */

/* Begin PBXResourcesBuildPhase section */
		F31713292B6936B700A7DBD9 /* Resources */ = {
			isa = PBXResourcesBuildPhase;
			buildActionMask = 2147483647;
			files = (
				F317133B2B6936B900A7DBD9 /* LaunchScreen.storyboard in Resources */,
				F39571E42B6D2DF2007ED522 /* rehber.sqlite in Resources */,
				F31713382B6936B900A7DBD9 /* Assets.xcassets in Resources */,
				F31713362B6936B700A7DBD9 /* Main.storyboard in Resources */,
			);
			runOnlyForDeploymentPostprocessing = 0;
		};
/* End PBXResourcesBuildPhase section */

/* Begin PBXSourcesBuildPhase section */
		F31713272B6936B700A7DBD9 /* Sources */ = {
			isa = PBXSourcesBuildPhase;
			buildActionMask = 2147483647;
			files = (
				F31713472B69373700A7DBD9 /* KisiKayit.swift in Sources */,
				F39571DE2B6D2DC4007ED522 /* FMDatabasePool.m in Sources */,
				F39571DF2B6D2DC4007ED522 /* FMDatabase.m in Sources */,
				F39571E02B6D2DC4007ED522 /* FMDatabaseQueue.m in Sources */,
				F3C71B672B6A1927001CFC18 /* KisilerHucre.swift in Sources */,
				F31713492B69374600A7DBD9 /* KisiDetay.swift in Sources */,
				F39571E22B6D2DC4007ED522 /* FMResultSet.m in Sources */,
				F36323802B6BE10000E14E60 /* KisiKayitVM.swift in Sources */,
				F363237E2B6BE0EA00E14E60 /* AnasayfaVM.swift in Sources */,
				F31713332B6936B700A7DBD9 /* Anasayfa.swift in Sources */,
				F363237B2B6BE0AE00E14E60 /* KisilerDaoRepo.swift in Sources */,
				F317132F2B6936B700A7DBD9 /* AppDelegate.swift in Sources */,
				F36323822B6BE11500E14E60 /* KisiDetayVM.swift in Sources */,
				F31713312B6936B700A7DBD9 /* SceneDelegate.swift in Sources */,
				F317134B2B6937F500A7DBD9 /* Kisiler.swift in Sources */,
				F39571E12B6D2DC4007ED522 /* FMDatabaseAdditions.m in Sources */,
			);
			runOnlyForDeploymentPostprocessing = 0;
		};
/* End PBXSourcesBuildPhase section */

/* Begin PBXVariantGroup section */
		F31713342B6936B700A7DBD9 /* Main.storyboard */ = {
			isa = PBXVariantGroup;
			children = (
				F31713352B6936B700A7DBD9 /* Base */,
			);
			name = Main.storyboard;
			sourceTree = "<group>";
		};
		F31713392B6936B900A7DBD9 /* LaunchScreen.storyboard */ = {
			isa = PBXVariantGroup;
			children = (
				F317133A2B6936B900A7DBD9 /* Base */,
			);
			name = LaunchScreen.storyboard;
			sourceTree = "<group>";
		};
/* End PBXVariantGroup section */

/* Begin XCBuildConfiguration section */
		F317133D2B6936B900A7DBD9 /* Debug */ = {
			isa = XCBuildConfiguration;
			buildSettings = {
				ALWAYS_SEARCH_USER_PATHS = NO;
				ASSETCATALOG_COMPILER_GENERATE_SWIFT_ASSET_SYMBOL_EXTENSIONS = YES;
				CLANG_ANALYZER_NONNULL = YES;
				CLANG_ANALYZER_NUMBER_OBJECT_CONVERSION = YES_AGGRESSIVE;
				CLANG_CXX_LANGUAGE_STANDARD = "gnu++20";
				CLANG_ENABLE_MODULES = YES;
				CLANG_ENABLE_OBJC_ARC = YES;
				CLANG_ENABLE_OBJC_WEAK = YES;
				CLANG_WARN_BLOCK_CAPTURE_AUTORELEASING = YES;
				CLANG_WARN_BOOL_CONVERSION = YES;
				CLANG_WARN_COMMA = YES;
				CLANG_WARN_CONSTANT_CONVERSION = YES;
				CLANG_WARN_DEPRECATED_OBJC_IMPLEMENTATIONS = YES;
				CLANG_WARN_DIRECT_OBJC_ISA_USAGE = YES_ERROR;
				CLANG_WARN_DOCUMENTATION_COMMENTS = YES;
				CLANG_WARN_EMPTY_BODY = YES;
				CLANG_WARN_ENUM_CONVERSION = YES;
				CLANG_WARN_INFINITE_RECURSION = YES;
				CLANG_WARN_INT_CONVERSION = YES;
				CLANG_WARN_NON_LITERAL_NULL_CONVERSION = YES;
				CLANG_WARN_OBJC_IMPLICIT_RETAIN_SELF = YES;
				CLANG_WARN_OBJC_LITERAL_CONVERSION = YES;
				CLANG_WARN_OBJC_ROOT_CLASS = YES_ERROR;
				CLANG_WARN_QUOTED_INCLUDE_IN_FRAMEWORK_HEADER = YES;
				CLANG_WARN_RANGE_LOOP_ANALYSIS = YES;
				CLANG_WARN_STRICT_PROTOTYPES = YES;
				CLANG_WARN_SUSPICIOUS_MOVE = YES;
				CLANG_WARN_UNGUARDED_AVAILABILITY = YES_AGGRESSIVE;
				CLANG_WARN_UNREACHABLE_CODE = YES;
				CLANG_WARN__DUPLICATE_METHOD_MATCH = YES;
				COPY_PHASE_STRIP = NO;
				DEBUG_INFORMATION_FORMAT = dwarf;
				ENABLE_STRICT_OBJC_MSGSEND = YES;
				ENABLE_TESTABILITY = YES;
				ENABLE_USER_SCRIPT_SANDBOXING = YES;
				GCC_C_LANGUAGE_STANDARD = gnu17;
				GCC_DYNAMIC_NO_PIC = NO;
				GCC_NO_COMMON_BLOCKS = YES;
				GCC_OPTIMIZATION_LEVEL = 0;
				GCC_PREPROCESSOR_DEFINITIONS = (
					"DEBUG=1",
					"$(inherited)",
				);
				GCC_WARN_64_TO_32_BIT_CONVERSION = YES;
				GCC_WARN_ABOUT_RETURN_TYPE = YES_ERROR;
				GCC_WARN_UNDECLARED_SELECTOR = YES;
				GCC_WARN_UNINITIALIZED_AUTOS = YES_AGGRESSIVE;
				GCC_WARN_UNUSED_FUNCTION = YES;
				GCC_WARN_UNUSED_VARIABLE = YES;
				IPHONEOS_DEPLOYMENT_TARGET = 17.2;
				LOCALIZATION_PREFERS_STRING_CATALOGS = YES;
				MTL_ENABLE_DEBUG_INFO = INCLUDE_SOURCE;
				MTL_FAST_MATH = YES;
				ONLY_ACTIVE_ARCH = YES;
				SDKROOT = iphoneos;
				SWIFT_ACTIVE_COMPILATION_CONDITIONS = "DEBUG $(inherited)";
				SWIFT_OPTIMIZATION_LEVEL = "-Onone";
			};
			name = Debug;
		};
		F317133E2B6936B900A7DBD9 /* Release */ = {
			isa = XCBuildConfiguration;
			buildSettings = {
				ALWAYS_SEARCH_USER_PATHS = NO;
				ASSETCATALOG_COMPILER_GENERATE_SWIFT_ASSET_SYMBOL_EXTENSIONS = YES;
				CLANG_ANALYZER_NONNULL = YES;
				CLANG_ANALYZER_NUMBER_OBJECT_CONVERSION = YES_AGGRESSIVE;
				CLANG_CXX_LANGUAGE_STANDARD = "gnu++20";
				CLANG_ENABLE_MODULES = YES;
				CLANG_ENABLE_OBJC_ARC = YES;
				CLANG_ENABLE_OBJC_WEAK = YES;
				CLANG_WARN_BLOCK_CAPTURE_AUTORELEASING = YES;
				CLANG_WARN_BOOL_CONVERSION = YES;
				CLANG_WARN_COMMA = YES;
				CLANG_WARN_CONSTANT_CONVERSION = YES;
				CLANG_WARN_DEPRECATED_OBJC_IMPLEMENTATIONS = YES;
				CLANG_WARN_DIRECT_OBJC_ISA_USAGE = YES_ERROR;
				CLANG_WARN_DOCUMENTATION_COMMENTS = YES;
				CLANG_WARN_EMPTY_BODY = YES;
				CLANG_WARN_ENUM_CONVERSION = YES;
				CLANG_WARN_INFINITE_RECURSION = YES;
				CLANG_WARN_INT_CONVERSION = YES;
				CLANG_WARN_NON_LITERAL_NULL_CONVERSION = YES;
				CLANG_WARN_OBJC_IMPLICIT_RETAIN_SELF = YES;
				CLANG_WARN_OBJC_LITERAL_CONVERSION = YES;
				CLANG_WARN_OBJC_ROOT_CLASS = YES_ERROR;
				CLANG_WARN_QUOTED_INCLUDE_IN_FRAMEWORK_HEADER = YES;
				CLANG_WARN_RANGE_LOOP_ANALYSIS = YES;
				CLANG_WARN_STRICT_PROTOTYPES = YES;
				CLANG_WARN_SUSPICIOUS_MOVE = YES;
				CLANG_WARN_UNGUARDED_AVAILABILITY = YES_AGGRESSIVE;
				CLANG_WARN_UNREACHABLE_CODE = YES;
				CLANG_WARN__DUPLICATE_METHOD_MATCH = YES;
				COPY_PHASE_STRIP = NO;
				DEBUG_INFORMATION_FORMAT = "dwarf-with-dsym";
				ENABLE_NS_ASSERTIONS = NO;
				ENABLE_STRICT_OBJC_MSGSEND = YES;
				ENABLE_USER_SCRIPT_SANDBOXING = YES;
				GCC_C_LANGUAGE_STANDARD = gnu17;
				GCC_NO_COMMON_BLOCKS = YES;
				GCC_WARN_64_TO_32_BIT_CONVERSION = YES;
				GCC_WARN_ABOUT_RETURN_TYPE = YES_ERROR;
				GCC_WARN_UNDECLARED_SELECTOR = YES;
				GCC_WARN_UNINITIALIZED_AUTOS = YES_AGGRESSIVE;
				GCC_WARN_UNUSED_FUNCTION = YES;
				GCC_WARN_UNUSED_VARIABLE = YES;
				IPHONEOS_DEPLOYMENT_TARGET = 17.2;
				LOCALIZATION_PREFERS_STRING_CATALOGS = YES;
				MTL_ENABLE_DEBUG_INFO = NO;
				MTL_FAST_MATH = YES;
				SDKROOT = iphoneos;
				SWIFT_COMPILATION_MODE = wholemodule;
				VALIDATE_PRODUCT = YES;
			};
			name = Release;
		};
		F31713402B6936B900A7DBD9 /* Debug */ = {
			isa = XCBuildConfiguration;
			buildSettings = {
				ASSETCATALOG_COMPILER_APPICON_NAME = AppIcon;
				ASSETCATALOG_COMPILER_GLOBAL_ACCENT_COLOR_NAME = AccentColor;
				CLANG_ENABLE_MODULES = YES;
				CODE_SIGN_STYLE = Automatic;
				CURRENT_PROJECT_VERSION = 1;
				DEVELOPMENT_TEAM = MR8M57SP95;
				GENERATE_INFOPLIST_FILE = YES;
				INFOPLIST_FILE = "KisilerUygulaması/Info.plist";
				INFOPLIST_KEY_UIApplicationSupportsIndirectInputEvents = YES;
				INFOPLIST_KEY_UILaunchStoryboardName = LaunchScreen;
				INFOPLIST_KEY_UIMainStoryboardFile = Main;
				INFOPLIST_KEY_UISupportedInterfaceOrientations_iPad = "UIInterfaceOrientationPortrait UIInterfaceOrientationPortraitUpsideDown UIInterfaceOrientationLandscapeLeft UIInterfaceOrientationLandscapeRight";
				INFOPLIST_KEY_UISupportedInterfaceOrientations_iPhone = "UIInterfaceOrientationPortrait UIInterfaceOrientationLandscapeLeft UIInterfaceOrientationLandscapeRight";
				LD_RUNPATH_SEARCH_PATHS = (
					"$(inherited)",
					"@executable_path/Frameworks",
				);
				MARKETING_VERSION = 1.0;
				PRODUCT_BUNDLE_IDENTIFIER = "com.fatihemre.KisilerUygulamas-";
				PRODUCT_NAME = "$(TARGET_NAME)";
				SWIFT_EMIT_LOC_STRINGS = YES;
				SWIFT_OBJC_BRIDGING_HEADER = "KisilerUygulaması/KisilerUygulaması-Bridging-Header.h";
				SWIFT_OPTIMIZATION_LEVEL = "-Onone";
				SWIFT_VERSION = 5.0;
				TARGETED_DEVICE_FAMILY = "1,2";
			};
			name = Debug;
		};
		F31713412B6936B900A7DBD9 /* Release */ = {
			isa = XCBuildConfiguration;
			buildSettings = {
				ASSETCATALOG_COMPILER_APPICON_NAME = AppIcon;
				ASSETCATALOG_COMPILER_GLOBAL_ACCENT_COLOR_NAME = AccentColor;
				CLANG_ENABLE_MODULES = YES;
				CODE_SIGN_STYLE = Automatic;
				CURRENT_PROJECT_VERSION = 1;
				DEVELOPMENT_TEAM = MR8M57SP95;
				GENERATE_INFOPLIST_FILE = YES;
				INFOPLIST_FILE = "KisilerUygulaması/Info.plist";
				INFOPLIST_KEY_UIApplicationSupportsIndirectInputEvents = YES;
				INFOPLIST_KEY_UILaunchStoryboardName = LaunchScreen;
				INFOPLIST_KEY_UIMainStoryboardFile = Main;
				INFOPLIST_KEY_UISupportedInterfaceOrientations_iPad = "UIInterfaceOrientationPortrait UIInterfaceOrientationPortraitUpsideDown UIInterfaceOrientationLandscapeLeft UIInterfaceOrientationLandscapeRight";
				INFOPLIST_KEY_UISupportedInterfaceOrientations_iPhone = "UIInterfaceOrientationPortrait UIInterfaceOrientationLandscapeLeft UIInterfaceOrientationLandscapeRight";
				LD_RUNPATH_SEARCH_PATHS = (
					"$(inherited)",
					"@executable_path/Frameworks",
				);
				MARKETING_VERSION = 1.0;
				PRODUCT_BUNDLE_IDENTIFIER = "com.fatihemre.KisilerUygulamas-";
				PRODUCT_NAME = "$(TARGET_NAME)";
				SWIFT_EMIT_LOC_STRINGS = YES;
				SWIFT_OBJC_BRIDGING_HEADER = "KisilerUygulaması/KisilerUygulaması-Bridging-Header.h";
				SWIFT_VERSION = 5.0;
				TARGETED_DEVICE_FAMILY = "1,2";
			};
			name = Release;
		};
/* End XCBuildConfiguration section */

/* Begin XCConfigurationList section */
		F31713262B6936B700A7DBD9 /* Build configuration list for PBXProject "KisilerUygulaması" */ = {
			isa = XCConfigurationList;
			buildConfigurations = (
				F317133D2B6936B900A7DBD9 /* Debug */,
				F317133E2B6936B900A7DBD9 /* Release */,
			);
			defaultConfigurationIsVisible = 0;
			defaultConfigurationName = Release;
		};
		F317133F2B6936B900A7DBD9 /* Build configuration list for PBXNativeTarget "KisilerUygulaması" */ = {
			isa = XCConfigurationList;
			buildConfigurations = (
				F31713402B6936B900A7DBD9 /* Debug */,
				F31713412B6936B900A7DBD9 /* Release */,
			);
			defaultConfigurationIsVisible = 0;
			defaultConfigurationName = Release;
		};
/* End XCConfigurationList section */

/* Begin XCRemoteSwiftPackageReference section */
		F36323662B6BD56F00E14E60 /* XCRemoteSwiftPackageReference "RxSwift" */ = {
			isa = XCRemoteSwiftPackageReference;
			repositoryURL = "https://github.com/ReactiveX/RxSwift.git";
			requirement = {
				branch = main;
				kind = branch;
			};
		};
/* End XCRemoteSwiftPackageReference section */

/* Begin XCSwiftPackageProductDependency section */
		F36323712B6BD56F00E14E60 /* RxSwift */ = {
			isa = XCSwiftPackageProductDependency;
			package = F36323662B6BD56F00E14E60 /* XCRemoteSwiftPackageReference "RxSwift" */;
			productName = RxSwift;
		};
/* End XCSwiftPackageProductDependency section */
	};
	rootObject = F31713232B6936B700A7DBD9 /* Project object */;
}
